
Microsoft Visual Studio Solution File, Format Version 12.00
Project("{FAE04EC0-301F-11D3-BF4B-00C04F79EFBC}") = "Game.ConsoleRunner", "Game.ConsoleRunner\Game.ConsoleRunner.csproj", "{9401B793-0EEC-4D90-A245-A4DE1EE3758D}"
EndProject
Project("{FAE04EC0-301F-11D3-BF4B-00C04F79EFBC}") = "Game.Domain", "Game.Domain\Game.Domain.csproj", "{AD9AA36C-2084-432D-9FAC-FE4C0981C956}"
EndProject
Project("{FAE04EC0-301F-11D3-BF4B-00C04F79EFBC}") = "Game.Application", "Game.Application\Game.Application.csproj", "{FBC4C3CA-9B30-4583-AB18-75E060DF3949}"
EndProject
Project("{FAE04EC0-301F-11D3-BF4B-00C04F79EFBC}") = "Game.Infrastructure", "Game.Infrastructure\Game.Infrastructure.csproj", "{CC6823D9-CA2C-453C-A5DA-07540BC67208}"
EndProject
Project("{FAE04EC0-301F-11D3-BF4B-00C04F79EFBC}") = "Game.UI", "Game.UI\Game.UI.csproj", "{17996421-BD76-48C2-9994-58B76BD29E39}"
EndProject
Global
	GlobalSection(SolutionConfigurationPlatforms) = preSolution
		Debug|Any CPU = Debug|Any CPU
		Release|Any CPU = Release|Any CPU
	EndGlobalSection
	GlobalSection(ProjectConfigurationPlatforms) = postSolution
		{9401B793-0EEC-4D90-A245-A4DE1EE3758D}.Debug|Any CPU.ActiveCfg = Debug|Any CPU
		{9401B793-0EEC-4D90-A245-A4DE1EE3758D}.Debug|Any CPU.Build.0 = Debug|Any CPU
		{9401B793-0EEC-4D90-A245-A4DE1EE3758D}.Release|Any CPU.ActiveCfg = Release|Any CPU
		{9401B793-0EEC-4D90-A245-A4DE1EE3758D}.Release|Any CPU.Build.0 = Release|Any CPU
		{AD9AA36C-2084-432D-9FAC-FE4C0981C956}.Debug|Any CPU.ActiveCfg = Debug|Any CPU
		{AD9AA36C-2084-432D-9FAC-FE4C0981C956}.Debug|Any CPU.Build.0 = Debug|Any CPU
		{AD9AA36C-2084-432D-9FAC-FE4C0981C956}.Release|Any CPU.ActiveCfg = Release|Any CPU
		{AD9AA36C-2084-432D-9FAC-FE4C0981C956}.Release|Any CPU.Build.0 = Release|Any CPU
		{FBC4C3CA-9B30-4583-AB18-75E060DF3949}.Debug|Any CPU.ActiveCfg = Debug|Any CPU
		{FBC4C3CA-9B30-4583-AB18-75E060DF3949}.Debug|Any CPU.Build.0 = Debug|Any CPU
		{FBC4C3CA-9B30-4583-AB18-75E060DF3949}.Release|Any CPU.ActiveCfg = Release|Any CPU
		{FBC4C3CA-9B30-4583-AB18-75E060DF3949}.Release|Any CPU.Build.0 = Release|Any CPU
		{CC6823D9-CA2C-453C-A5DA-07540BC67208}.Debug|Any CPU.ActiveCfg = Debug|Any CPU
		{CC6823D9-CA2C-453C-A5DA-07540BC67208}.Debug|Any CPU.Build.0 = Debug|Any CPU
		{CC6823D9-CA2C-453C-A5DA-07540BC67208}.Release|Any CPU.ActiveCfg = Release|Any CPU
		{CC6823D9-CA2C-453C-A5DA-07540BC67208}.Release|Any CPU.Build.0 = Release|Any CPU
		{17996421-BD76-48C2-9994-58B76BD29E39}.Debug|Any CPU.ActiveCfg = Debug|Any CPU
		{17996421-BD76-48C2-9994-58B76BD29E39}.Debug|Any CPU.Build.0 = Debug|Any CPU
		{17996421-BD76-48C2-9994-58B76BD29E39}.Release|Any CPU.ActiveCfg = Release|Any CPU
		{17996421-BD76-48C2-9994-58B76BD29E39}.Release|Any CPU.Build.0 = Release|Any CPU
	EndGlobalSection
EndGlobal
